<?xml version="1.0" encoding="utf-8"?>
<Project ToolsVersion="4.0" xmlns="http://schemas.microsoft.com/developer/msbuild/2003">
  <ItemGroup>
    <Filter Include="Framework">
      <UniqueIdentifier>{475a144c-6aae-49ea-b375-38415038f1f9}</UniqueIdentifier>
    </Filter>
    <Filter Include="Project">
      <UniqueIdentifier>{8f162745-16ac-4ff4-8984-e7f9ad792f4e}</UniqueIdentifier>
    </Filter>
  </ItemGroup>
  <ItemGroup>
    <ClCompile Include="stdafx.cpp">
      <Filter>Framework</Filter>
    </ClCompile>
  </ItemGroup>
  <ItemGroup>
    <ClInclude Include="stdafx.hpp">
      <Filter>Framework</Filter>
    </ClInclude>
    <ClInclude Include="include\dlph.hpp">
      <Filter>Framework</Filter>
    </ClInclude>
  </ItemGroup>
</Project>